// !$*UTF8*$!
{
	archiveVersion = 1;
	classes = {
	};
	objectVersion = 46;
	objects = {

/* Begin PBXBuildFile section */
		4F91C05C1A0C38F700FF6A65 /* main.m in Sources */ = {isa = PBXBuildFile; fileRef = 4F91C05B1A0C38F700FF6A65 /* main.m */; };
		4F91C05F1A0C38F700FF6A65 /* AppDelegate.m in Sources */ = {isa = PBXBuildFile; fileRef = 4F91C05E1A0C38F700FF6A65 /* AppDelegate.m */; };
		4F91C0621A0C38F700FF6A65 /* RootViewController.m in Sources */ = {isa = PBXBuildFile; fileRef = 4F91C0611A0C38F700FF6A65 /* RootViewController.m */; };
		4F91C0651A0C38F700FF6A65 /* Main.storyboard in Resources */ = {isa = PBXBuildFile; fileRef = 4F91C0631A0C38F700FF6A65 /* Main.storyboard */; };
		4F91C0671A0C38F700FF6A65 /* Images.xcassets in Resources */ = {isa = PBXBuildFile; fileRef = 4F91C0661A0C38F700FF6A65 /* Images.xcassets */; };
		4F91C06A1A0C38F700FF6A65 /* LaunchScreen.xib in Resources */ = {isa = PBXBuildFile; fileRef = 4F91C0681A0C38F700FF6A65 /* LaunchScreen.xib */; };
		4F91C0761A0C38F700FF6A65 /* Favorite_PhotosTests.m in Sources */ = {isa = PBXBuildFile; fileRef = 4F91C0751A0C38F700FF6A65 /* Favorite_PhotosTests.m */; };
		4F91C12F1A0E953E00FF6A65 /* InstagramSearchViewController.m in Sources */ = {isa = PBXBuildFile; fileRef = 4F91C12E1A0E953E00FF6A65 /* InstagramSearchViewController.m */; };
		4F91C1361A0E98A400FF6A65 /* InstagramPhotos.m in Sources */ = {isa = PBXBuildFile; fileRef = 4F91C1351A0E98A400FF6A65 /* InstagramPhotos.m */; };
		4F91C13A1A0EA45800FF6A65 /* PhotoCollectionViewCell.m in Sources */ = {isa = PBXBuildFile; fileRef = 4F91C1391A0EA45800FF6A65 /* PhotoCollectionViewCell.m */; };
		4F91C13D1A100BE400FF6A65 /* MapViewController.m in Sources */ = {isa = PBXBuildFile; fileRef = 4F91C13C1A100BE400FF6A65 /* MapViewController.m */; };
/* End PBXBuildFile section */

/* Begin PBXContainerItemProxy section */
		4F91C0701A0C38F700FF6A65 /* PBXContainerItemProxy */ = {
			isa = PBXContainerItemProxy;
			containerPortal = 4F91C04E1A0C38F700FF6A65 /* Project object */;
			proxyType = 1;
			remoteGlobalIDString = 4F91C0551A0C38F700FF6A65;
			remoteInfo = "Favorite Photos";
		};
/* End PBXContainerItemProxy section */

/* Begin PBXFileReference section */
		4F91C0561A0C38F700FF6A65 /* Favorite Photos.app */ = {isa = PBXFileReference; explicitFileType = wrapper.application; includeInIndex = 0; path = "Favorite Photos.app"; sourceTree = BUILT_PRODUCTS_DIR; };
		4F91C05A1A0C38F700FF6A65 /* Info.plist */ = {isa = PBXFileReference; lastKnownFileType = text.plist.xml; path = Info.plist; sourceTree = "<group>"; };
		4F91C05B1A0C38F700FF6A65 /* main.m */ = {isa = PBXFileReference; lastKnownFileType = sourcecode.c.objc; path = main.m; sourceTree = "<group>"; };
		4F91C05D1A0C38F700FF6A65 /* AppDelegate.h */ = {isa = PBXFileReference; lastKnownFileType = sourcecode.c.h; path = AppDelegate.h; sourceTree = "<group>"; };
		4F91C05E1A0C38F700FF6A65 /* AppDelegate.m */ = {isa = PBXFileReference; lastKnownFileType = sourcecode.c.objc; path = AppDelegate.m; sourceTree = "<group>"; };
		4F91C0601A0C38F700FF6A65 /* RootViewController.h */ = {isa = PBXFileReference; lastKnownFileType = sourcecode.c.h; path = RootViewController.h; sourceTree = "<group>"; };
		4F91C0611A0C38F700FF6A65 /* RootViewController.m */ = {isa = PBXFileReference; lastKnownFileType = sourcecode.c.objc; path = RootViewController.m; sourceTree = "<group>"; };
		4F91C0641A0C38F700FF6A65 /* Base */ = {isa = PBXFileReference; lastKnownFileType = file.storyboard; name = Base; path = Base.lproj/Main.storyboard; sourceTree = "<group>"; };
		4F91C0661A0C38F700FF6A65 /* Images.xcassets */ = {isa = PBXFileReference; lastKnownFileType = folder.assetcatalog; path = Images.xcassets; sourceTree = "<group>"; };
		4F91C0691A0C38F700FF6A65 /* Base */ = {isa = PBXFileReference; lastKnownFileType = file.xib; name = Base; path = Base.lproj/LaunchScreen.xib; sourceTree = "<group>"; };
		4F91C06F1A0C38F700FF6A65 /* Favorite PhotosTests.xctest */ = {isa = PBXFileReference; explicitFileType = wrapper.cfbundle; includeInIndex = 0; path = "Favorite PhotosTests.xctest"; sourceTree = BUILT_PRODUCTS_DIR; };
		4F91C0741A0C38F700FF6A65 /* Info.plist */ = {isa = PBXFileReference; lastKnownFileType = text.plist.xml; path = Info.plist; sourceTree = "<group>"; };
		4F91C0751A0C38F700FF6A65 /* Favorite_PhotosTests.m */ = {isa = PBXFileReference; lastKnownFileType = sourcecode.c.objc; path = Favorite_PhotosTests.m; sourceTree = "<group>"; };
		4F91C12D1A0E953E00FF6A65 /* InstagramSearchViewController.h */ = {isa = PBXFileReference; fileEncoding = 4; lastKnownFileType = sourcecode.c.h; path = InstagramSearchViewController.h; sourceTree = "<group>"; };
		4F91C12E1A0E953E00FF6A65 /* InstagramSearchViewController.m */ = {isa = PBXFileReference; fileEncoding = 4; lastKnownFileType = sourcecode.c.objc; path = InstagramSearchViewController.m; sourceTree = "<group>"; };
		4F91C1341A0E98A400FF6A65 /* InstagramPhotos.h */ = {isa = PBXFileReference; fileEncoding = 4; lastKnownFileType = sourcecode.c.h; path = InstagramPhotos.h; sourceTree = "<group>"; };
		4F91C1351A0E98A400FF6A65 /* InstagramPhotos.m */ = {isa = PBXFileReference; fileEncoding = 4; lastKnownFileType = sourcecode.c.objc; path = InstagramPhotos.m; sourceTree = "<group>"; };
		4F91C1381A0EA45800FF6A65 /* PhotoCollectionViewCell.h */ = {isa = PBXFileReference; fileEncoding = 4; lastKnownFileType = sourcecode.c.h; path = PhotoCollectionViewCell.h; sourceTree = "<group>"; };
		4F91C1391A0EA45800FF6A65 /* PhotoCollectionViewCell.m */ = {isa = PBXFileReference; fileEncoding = 4; lastKnownFileType = sourcecode.c.objc; path = PhotoCollectionViewCell.m; sourceTree = "<group>"; };
		4F91C13B1A100BE400FF6A65 /* MapViewController.h */ = {isa = PBXFileReference; fileEncoding = 4; lastKnownFileType = sourcecode.c.h; path = MapViewController.h; sourceTree = "<group>"; };
		4F91C13C1A100BE400FF6A65 /* MapViewController.m */ = {isa = PBXFileReference; fileEncoding = 4; lastKnownFileType = sourcecode.c.objc; path = MapViewController.m; sourceTree = "<group>"; };
/* End PBXFileReference section */

/* Begin PBXFrameworksBuildPhase section */
		4F91C0531A0C38F700FF6A65 /* Frameworks */ = {
			isa = PBXFrameworksBuildPhase;
			buildActionMask = 2147483647;
			files = (
			);
			runOnlyForDeploymentPostprocessing = 0;
		};
		4F91C06C1A0C38F700FF6A65 /* Frameworks */ = {
			isa = PBXFrameworksBuildPhase;
			buildActionMask = 2147483647;
			files = (
			);
			runOnlyForDeploymentPostprocessing = 0;
		};
/* End PBXFrameworksBuildPhase section */

/* Begin PBXGroup section */
		4F91C04D1A0C38F700FF6A65 = {
			isa = PBXGroup;
			children = (
				4F91C0581A0C38F700FF6A65 /* Favorite Photos */,
				4F91C0721A0C38F700FF6A65 /* Favorite PhotosTests */,
				4F91C0571A0C38F700FF6A65 /* Products */,
			);
			sourceTree = "<group>";
		};
		4F91C0571A0C38F700FF6A65 /* Products */ = {
			isa = PBXGroup;
			children = (
				4F91C0561A0C38F700FF6A65 /* Favorite Photos.app */,
				4F91C06F1A0C38F700FF6A65 /* Favorite PhotosTests.xctest */,
			);
			name = Products;
			sourceTree = "<group>";
		};
		4F91C0581A0C38F700FF6A65 /* Favorite Photos */ = {
			isa = PBXGroup;
			children = (
				4F91C05D1A0C38F700FF6A65 /* AppDelegate.h */,
				4F91C05E1A0C38F700FF6A65 /* AppDelegate.m */,
				4F91C0601A0C38F700FF6A65 /* RootViewController.h */,
				4F91C0611A0C38F700FF6A65 /* RootViewController.m */,
				4F91C12D1A0E953E00FF6A65 /* InstagramSearchViewController.h */,
				4F91C12E1A0E953E00FF6A65 /* InstagramSearchViewController.m */,
				4F91C13B1A100BE400FF6A65 /* MapViewController.h */,
				4F91C13C1A100BE400FF6A65 /* MapViewController.m */,
				4F91C1371A0E98A600FF6A65 /* Model */,
				4F91C0631A0C38F700FF6A65 /* Main.storyboard */,
				4F91C0661A0C38F700FF6A65 /* Images.xcassets */,
				4F91C0681A0C38F700FF6A65 /* LaunchScreen.xib */,
				4F91C0591A0C38F700FF6A65 /* Supporting Files */,
			);
			path = "Favorite Photos";
			sourceTree = "<group>";
		};
		4F91C0591A0C38F700FF6A65 /* Supporting Files */ = {
			isa = PBXGroup;
			children = (
				4F91C05A1A0C38F700FF6A65 /* Info.plist */,
				4F91C05B1A0C38F700FF6A65 /* main.m */,
			);
			name = "Supporting Files";
			sourceTree = "<group>";
		};
		4F91C0721A0C38F700FF6A65 /* Favorite PhotosTests */ = {
			isa = PBXGroup;
			children = (
				4F91C0751A0C38F700FF6A65 /* Favorite_PhotosTests.m */,
				4F91C0731A0C38F700FF6A65 /* Supporting Files */,
			);
			path = "Favorite PhotosTests";
			sourceTree = "<group>";
		};
		4F91C0731A0C38F700FF6A65 /* Supporting Files */ = {
			isa = PBXGroup;
			children = (
				4F91C0741A0C38F700FF6A65 /* Info.plist */,
			);
			name = "Supporting Files";
			sourceTree = "<group>";
		};
		4F91C1371A0E98A600FF6A65 /* Model */ = {
			isa = PBXGroup;
			children = (
				4F91C1341A0E98A400FF6A65 /* InstagramPhotos.h */,
				4F91C1351A0E98A400FF6A65 /* InstagramPhotos.m */,
				4F91C1381A0EA45800FF6A65 /* PhotoCollectionViewCell.h */,
				4F91C1391A0EA45800FF6A65 /* PhotoCollectionViewCell.m */,
			);
			name = Model;
			sourceTree = "<group>";
		};
/* End PBXGroup section */

/* Begin PBXNativeTarget section */
		4F91C0551A0C38F700FF6A65 /* Favorite Photos */ = {
			isa = PBXNativeTarget;
			buildConfigurationList = 4F91C0791A0C38F700FF6A65 /* Build configuration list for PBXNativeTarget "Favorite Photos" */;
			buildPhases = (
				4F91C0521A0C38F700FF6A65 /* Sources */,
				4F91C0531A0C38F700FF6A65 /* Frameworks */,
				4F91C0541A0C38F700FF6A65 /* Resources */,
			);
			buildRules = (
			);
			dependencies = (
			);
			name = "Favorite Photos";
			productName = "Favorite Photos";
			productReference = 4F91C0561A0C38F700FF6A65 /* Favorite Photos.app */;
			productType = "com.apple.product-type.application";
		};
		4F91C06E1A0C38F700FF6A65 /* Favorite PhotosTests */ = {
			isa = PBXNativeTarget;
			buildConfigurationList = 4F91C07C1A0C38F700FF6A65 /* Build configuration list for PBXNativeTarget "Favorite PhotosTests" */;
			buildPhases = (
				4F91C06B1A0C38F700FF6A65 /* Sources */,
				4F91C06C1A0C38F700FF6A65 /* Frameworks */,
				4F91C06D1A0C38F700FF6A65 /* Resources */,
			);
			buildRules = (
			);
			dependencies = (
				4F91C0711A0C38F700FF6A65 /* PBXTargetDependency */,
			);
			name = "Favorite PhotosTests";
			productName = "Favorite PhotosTests";
			productReference = 4F91C06F1A0C38F700FF6A65 /* Favorite PhotosTests.xctest */;
			productType = "com.apple.product-type.bundle.unit-test";
		};
/* End PBXNativeTarget section */

/* Begin PBXProject section */
		4F91C04E1A0C38F700FF6A65 /* Project object */ = {
			isa = PBXProject;
			attributes = {
				LastUpgradeCheck = 0600;
				ORGANIZATIONNAME = "Christina Gunarto";
				TargetAttributes = {
					4F91C0551A0C38F700FF6A65 = {
						CreatedOnToolsVersion = 6.0;
					};
					4F91C06E1A0C38F700FF6A65 = {
						CreatedOnToolsVersion = 6.0;
						TestTargetID = 4F91C0551A0C38F700FF6A65;
					};
				};
			};
			buildConfigurationList = 4F91C0511A0C38F700FF6A65 /* Build configuration list for PBXProject "Favorite Photos" */;
			compatibilityVersion = "Xcode 3.2";
			developmentRegion = English;
			hasScannedForEncodings = 0;
			knownRegions = (
				en,
				Base,
			);
			mainGroup = 4F91C04D1A0C38F700FF6A65;
			productRefGroup = 4F91C0571A0C38F700FF6A65 /* Products */;
			projectDirPath = "";
			projectRoot = "";
			targets = (
				4F91C0551A0C38F700FF6A65 /* Favorite Photos */,
				4F91C06E1A0C38F700FF6A65 /* Favorite PhotosTests */,
			);
		};
/* End PBXProject section */

/* Begin PBXResourcesBuildPhase section */
		4F91C0541A0C38F700FF6A65 /* Resources */ = {
			isa = PBXResourcesBuildPhase;
			buildActionMask = 2147483647;
			files = (
				4F91C0651A0C38F700FF6A65 /* Main.storyboard in Resources */,
				4F91C06A1A0C38F700FF6A65 /* LaunchScreen.xib in Resources */,
				4F91C0671A0C38F700FF6A65 /* Images.xcassets in Resources */,
			);
			runOnlyForDeploymentPostprocessing = 0;
		};
		4F91C06D1A0C38F700FF6A65 /* Resources */ = {
			isa = PBXResourcesBuildPhase;
			buildActionMask = 2147483647;
			files = (
			);
			runOnlyForDeploymentPostprocessing = 0;
		};
/* End PBXResourcesBuildPhase section */

/* Begin PBXSourcesBuildPhase section */
		4F91C0521A0C38F700FF6A65 /* Sources */ = {
			isa = PBXSourcesBuildPhase;
			buildActionMask = 2147483647;
			files = (
				4F91C0621A0C38F700FF6A65 /* RootViewController.m in Sources */,
				4F91C12F1A0E953E00FF6A65 /* InstagramSearchViewController.m in Sources */,
				4F91C13A1A0EA45800FF6A65 /* PhotoCollectionViewCell.m in Sources */,
				4F91C05F1A0C38F700FF6A65 /* AppDelegate.m in Sources */,
				4F91C1361A0E98A400FF6A65 /* InstagramPhotos.m in Sources */,
				4F91C05C1A0C38F700FF6A65 /* main.m in Sources */,
				4F91C13D1A100BE400FF6A65 /* MapViewController.m in Sources */,
			);
			runOnlyForDeploymentPostprocessing = 0;
		};
		4F91C06B1A0C38F700FF6A65 /* Sources */ = {
			isa = PBXSourcesBuildPhase;
			buildActionMask = 2147483647;
			files = (
				4F91C0761A0C38F700FF6A65 /* Favorite_PhotosTests.m in Sources */,
			);
			runOnlyForDeploymentPostprocessing = 0;
		};
/* End PBXSourcesBuildPhase section */

/* Begin PBXTargetDependency section */
		4F91C0711A0C38F700FF6A65 /* PBXTargetDependency */ = {
			isa = PBXTargetDependency;
			target = 4F91C0551A0C38F700FF6A65 /* Favorite Photos */;
			targetProxy = 4F91C0701A0C38F700FF6A65 /* PBXContainerItemProxy */;
		};
/* End PBXTargetDependency section */

/* Begin PBXVariantGroup section */
		4F91C0631A0C38F700FF6A65 /* Main.storyboard */ = {
			isa = PBXVariantGroup;
			children = (
				4F91C0641A0C38F700FF6A65 /* Base */,
			);
			name = Main.storyboard;
			sourceTree = "<group>";
		};
		4F91C0681A0C38F700FF6A65 /* LaunchScreen.xib */ = {
			isa = PBXVariantGroup;
			children = (
				4F91C0691A0C38F700FF6A65 /* Base */,
			);
			name = LaunchScreen.xib;
			sourceTree = "<group>";
		};
/* End PBXVariantGroup section */

/* Begin XCBuildConfiguration section */
		4F91C0771A0C38F700FF6A65 /* Debug */ = {
			isa = XCBuildConfiguration;
			buildSettings = {
				ALWAYS_SEARCH_USER_PATHS = NO;
				CLANG_CXX_LANGUAGE_STANDARD = "gnu++0x";
				CLANG_CXX_LIBRARY = "libc++";
				CLANG_ENABLE_MODULES = YES;
				CLANG_ENABLE_OBJC_ARC = YES;
				CLANG_WARN_BOOL_CONVERSION = YES;
				CLANG_WARN_CONSTANT_CONVERSION = YES;
				CLANG_WARN_DIRECT_OBJC_ISA_USAGE = YES_ERROR;
				CLANG_WARN_EMPTY_BODY = YES;
				CLANG_WARN_ENUM_CONVERSION = YES;
				CLANG_WARN_INT_CONVERSION = YES;
				CLANG_WARN_OBJC_ROOT_CLASS = YES_ERROR;
				CLANG_WARN_UNREACHABLE_CODE = YES;
				CLANG_WARN__DUPLICATE_METHOD_MATCH = YES;
				"CODE_SIGN_IDENTITY[sdk=iphoneos*]" = "iPhone Developer";
				COPY_PHASE_STRIP = NO;
				ENABLE_STRICT_OBJC_MSGSEND = YES;
				GCC_C_LANGUAGE_STANDARD = gnu99;
				GCC_DYNAMIC_NO_PIC = NO;
				GCC_OPTIMIZATION_LEVEL = 0;
				GCC_PREPROCESSOR_DEFINITIONS = (
					"DEBUG=1",
					"$(inherited)",
				);
				GCC_SYMBOLS_PRIVATE_EXTERN = NO;
				GCC_WARN_64_TO_32_BIT_CONVERSION = YES;
				GCC_WARN_ABOUT_RETURN_TYPE = YES_ERROR;
				GCC_WARN_UNDECLARED_SELECTOR = YES;
				GCC_WARN_UNINITIALIZED_AUTOS = YES_AGGRESSIVE;
				GCC_WARN_UNUSED_FUNCTION = YES;
				GCC_WARN_UNUSED_VARIABLE = YES;
				IPHONEOS_DEPLOYMENT_TARGET = 8.0;
				MTL_ENABLE_DEBUG_INFO = YES;
				ONLY_ACTIVE_ARCH = YES;
				SDKROOT = iphoneos;
			};
			name = Debug;
		};
		4F91C0781A0C38F700FF6A65 /* Release */ = {
			isa = XCBuildConfiguration;
			buildSettings = {
				ALWAYS_SEARCH_USER_PATHS = NO;
				CLANG_CXX_LANGUAGE_STANDARD = "gnu++0x";
				CLANG_CXX_LIBRARY = "libc++";
				CLANG_ENABLE_MODULES = YES;
				CLANG_ENABLE_OBJC_ARC = YES;
				CLANG_WARN_BOOL_CONVERSION = YES;
				CLANG_WARN_CONSTANT_CONVERSION = YES;
				CLANG_WARN_DIRECT_OBJC_ISA_USAGE = YES_ERROR;
				CLANG_WARN_EMPTY_BODY = YES;
				CLANG_WARN_ENUM_CONVERSION = YES;
				CLANG_WARN_INT_CONVERSION = YES;
				CLANG_WARN_OBJC_ROOT_CLASS = YES_ERROR;
				CLANG_WARN_UNREACHABLE_CODE = YES;
				CLANG_WARN__DUPLICATE_METHOD_MATCH = YES;
				"CODE_SIGN_IDENTITY[sdk=iphoneos*]" = "iPhone Developer";
				COPY_PHASE_STRIP = YES;
				ENABLE_NS_ASSERTIONS = NO;
				ENABLE_STRICT_OBJC_MSGSEND = YES;
				GCC_C_LANGUAGE_STANDARD = gnu99;
				GCC_WARN_64_TO_32_BIT_CONVERSION = YES;
				GCC_WARN_ABOUT_RETURN_TYPE = YES_ERROR;
				GCC_WARN_UNDECLARED_SELECTOR = YES;
				GCC_WARN_UNINITIALIZED_AUTOS = YES_AGGRESSIVE;
				GCC_WARN_UNUSED_FUNCTION = YES;
				GCC_WARN_UNUSED_VARIABLE = YES;
				IPHONEOS_DEPLOYMENT_TARGET = 8.0;
				MTL_ENABLE_DEBUG_INFO = NO;
				SDKROOT = iphoneos;
				VALIDATE_PRODUCT = YES;
			};
			name = Release;
		};
		4F91C07A1A0C38F700FF6A65 /* Debug */ = {
			isa = XCBuildConfiguration;
			buildSettings = {
				ASSETCATALOG_COMPILER_APPICON_NAME = AppIcon;
				INFOPLIST_FILE = "Favorite Photos/Info.plist";
				LD_RUNPATH_SEARCH_PATHS = "$(inherited) @executable_path/Frameworks";
				PRODUCT_NAME = "$(TARGET_NAME)";
			};
			name = Debug;
		};
		4F91C07B1A0C38F700FF6A65 /* Release */ = {
			isa = XCBuildConfiguration;
			buildSettings = {
				ASSETCATALOG_COMPILER_APPICON_NAME = AppIcon;
				INFOPLIST_FILE = "Favorite Photos/Info.plist";
				LD_RUNPATH_SEARCH_PATHS = "$(inherited) @executable_path/Frameworks";
				PRODUCT_NAME = "$(TARGET_NAME)";
			};
			name = Release;
		};
		4F91C07D1A0C38F700FF6A65 /* Debug */ = {
			isa = XCBuildConfiguration;
			buildSettings = {
				BUNDLE_LOADER = "$(TEST_HOST)";
				FRAMEWORK_SEARCH_PATHS = (
					"$(SDKROOT)/Developer/Library/Frameworks",
					"$(inherited)",
				);
				GCC_PREPROCESSOR_DEFINITIONS = (
					"DEBUG=1",
					"$(inherited)",
				);
				INFOPLIST_FILE = "Favorite PhotosTests/Info.plist";
				LD_RUNPATH_SEARCH_PATHS = "$(inherited) @executable_path/Frameworks @loader_path/Frameworks";
				PRODUCT_NAME = "$(TARGET_NAME)";
				TEST_HOST = "$(BUILT_PRODUCTS_DIR)/Favorite Photos.app/Favorite Photos";
			};
			name = Debug;
		};
		4F91C07E1A0C38F700FF6A65 /* Release */ = {
			isa = XCBuildConfiguration;
			buildSettings = {
				BUNDLE_LOADER = "$(TEST_HOST)";
				FRAMEWORK_SEARCH_PATHS = (
					"$(SDKROOT)/Developer/Library/Frameworks",
					"$(inherited)",
				);
				INFOPLIST_FILE = "Favorite PhotosTests/Info.plist";
				LD_RUNPATH_SEARCH_PATHS = "$(inherited) @executable_path/Frameworks @loader_path/Frameworks";
				PRODUCT_NAME = "$(TARGET_NAME)";
				TEST_HOST = "$(BUILT_PRODUCTS_DIR)/Favorite Photos.app/Favorite Photos";
			};
			name = Release;
		};
/* End XCBuildConfiguration section */

/* Begin XCConfigurationList section */
		4F91C0511A0C38F700FF6A65 /* Build configuration list for PBXProject "Favorite Photos" */ = {
			isa = XCConfigurationList;
			buildConfigurations = (
				4F91C0771A0C38F700FF6A65 /* Debug */,
				4F91C0781A0C38F700FF6A65 /* Release */,
			);
			defaultConfigurationIsVisible = 0;
			defaultConfigurationName = Release;
		};
		4F91C0791A0C38F700FF6A65 /* Build configuration list for PBXNativeTarget "Favorite Photos" */ = {
			isa = XCConfigurationList;
			buildConfigurations = (
				4F91C07A1A0C38F700FF6A65 /* Debug */,
				4F91C07B1A0C38F700FF6A65 /* Release */,
			);
			defaultConfigurationIsVisible = 0;
			defaultConfigurationName = Release;
		};
		4F91C07C1A0C38F700FF6A65 /* Build configuration list for PBXNativeTarget "Favorite PhotosTests" */ = {
			isa = XCConfigurationList;
			buildConfigurations = (
				4F91C07D1A0C38F700FF6A65 /* Debug */,
				4F91C07E1A0C38F700FF6A65 /* Release */,
			);
			defaultConfigurationIsVisible = 0;
			defaultConfigurationName = Release;
		};
/* End XCConfigurationList section */
	};
	rootObject = 4F91C04E1A0C38F700FF6A65 /* Project object */;
}
